
Microsoft Visual Studio Solution File, Format Version 12.00
# Visual Studio Version 17
VisualStudioVersion = 17.14.37216.2 d17.14
MinimumVisualStudioVersion = 10.0.40219.1
Project("{FAE04EC0-301F-11D3-BF4B-00C04F79EFBC}") = "WatchLog.API", "WatchLog.API\WatchLog.API.csproj", "{789703A0-6FCD-41CE-96E9-B4933C5C9914}"
EndProject
Project("{FAE04EC0-301F-11D3-BF4B-00C04F79EFBC}") = "WatchLog.MVC", "WatchLog.MVC\WatchLog.MVC.csproj", "{7C009F1E-94F1-4C91-ABCD-8892DE51A3AB}"
EndProject
Global
	GlobalSection(SolutionConfigurationPlatforms) = preSolution
		Debug|Any CPU = Debug|Any CPU
		Release|Any CPU = Release|Any CPU
	EndGlobalSection
	GlobalSection(ProjectConfigurationPlatforms) = postSolution
		{789703A0-6FCD-41CE-96E9-B4933C5C9914}.Debug|Any CPU.ActiveCfg = Debug|Any CPU
		{789703A0-6FCD-41CE-96E9-B4933C5C9914}.Debug|Any CPU.Build.0 = Debug|Any CPU
		{789703A0-6FCD-41CE-96E9-B4933C5C9914}.Release|Any CPU.ActiveCfg = Release|Any CPU
		{789703A0-6FCD-41CE-96E9-B4933C5C9914}.Release|Any CPU.Build.0 = Release|Any CPU
		{7C009F1E-94F1-4C91-ABCD-8892DE51A3AB}.Debug|Any CPU.ActiveCfg = Debug|Any CPU
		{7C009F1E-94F1-4C91-ABCD-8892DE51A3AB}.Debug|Any CPU.Build.0 = Debug|Any CPU
		{7C009F1E-94F1-4C91-ABCD-8892DE51A3AB}.Release|Any CPU.ActiveCfg = Release|Any CPU
		{7C009F1E-94F1-4C91-ABCD-8892DE51A3AB}.Release|Any CPU.Build.0 = Release|Any CPU
	EndGlobalSection
	GlobalSection(SolutionProperties) = preSolution
		HideSolutionNode = FALSE
	EndGlobalSection
	GlobalSection(ExtensibilityGlobals) = postSolution
		SolutionGuid = {BC185BAF-137A-4A60-A069-3DB4E074B2F2}
	EndGlobalSection
EndGlobal
